{
    "_readme": [
        "This file locks the dependencies of your project to a known state",
        "Read more about it at https://getcomposer.org/doc/01-basic-usage.md#composer-lock-the-lock-file",
        "This file is @generated automatically"
    ],
    "hash": "504c43f4f7df57f9e1a8b729144adae5",
    "content-hash": "9b1185d699e683983ec0985b8c001c58",
    "packages": [
        {
            "name": "met_mw/sdatagrid",
            "version": "dev-master",
            "source": {
                "type": "git",
                "url": "https://github.com/met-mw/SDataGrid.git",
                "reference": "853a305b214a37c94237a851f3f5786717635d18"
            },
            "require": {
                "php": ">=5.6.0"
            },
            "type": "library",
            "autoload": {
                "psr-4": {
                    "SDataGrid\\": "src/SDataGrid"
                }
            },
            "authors": [
                {
                    "name": "met-mw",
                    "email": "met-mw@rambler.ru"
                }
            ],
            "time": "2016-06-07 14:22:30"
        },
        {
            "name": "met_mw/sfilesystem",
            "version": "dev-master",
            "source": {
                "type": "git",
                "url": "https://github.com/met-mw/SFileSystem.git",
                "reference": "2360672b6d9de32b79523b346d1fa1e488275a24"
            },
            "require": {
                "php": ">=5.6.0"
            },
            "type": "library",
            "autoload": {
                "psr-4": {
                    "SFileSystem\\": "src/SFileSystem"
                }
            },
            "authors": [
                {
                    "name": "met-mw",
                    "email": "met-mw@rambler.ru"
                }
            ],
            "time": "2016-06-03 11:31:51"
        },
        {
            "name": "met_mw/sframework",
            "version": "dev-master",
            "source": {
                "type": "git",
                "url": "https://github.com/met-mw/SFramework.git",
                "reference": "505511e20635ee89fe5096c64853f59a5f32d8fd"
            },
            "require": {
                "met_mw/sdatagrid": "@dev",
                "met_mw/sfilesystem": "@dev",
                "met_mw/signinbase": "@dev",
                "met_mw/slog": "@dev",
                "met_mw/sorm": "@dev",
                "php": ">=5.6.0"
            },
            "type": "framework",
            "autoload": {
                "psr-4": {
                    "SFramework\\": "src/SFramework",
                    "App\\": "App/"
                }
            },
            "authors": [
                {
                    "name": "met-mw",
                    "email": "met-mw@rambler.ru"
                }
            ],
            "time": "2016-06-03 10:43:17"
        },
        {
            "name": "met_mw/signinbase",
            "version": "dev-master",
            "source": {
                "type": "git",
                "url": "https://github.com/met-mw/SignInBase.git",
                "reference": "8ec4f8d9e491fa563e9e21f213c31191bbb3a876"
            },
            "require": {
                "php": ">=5.6.0"
            },
            "type": "library",
            "autoload": {
                "psr-4": {
                    "SignInBase\\": "src/SignInBase"
                }
            },
            "authors": [
                {
                    "name": "met-mw",
                    "email": "met-mw@rambler.ru"
                }
            ],
            "time": "2016-06-05 07:20:35"
        },
        {
            "name": "met_mw/slog",
            "version": "dev-master",
            "source": {
                "type": "git",
                "url": "https://github.com/met-mw/SLog.git",
                "reference": "8090221ae349ec1a83ec08252359a50563367500"
            },
            "require": {
                "met_mw/sfilesystem": "@dev",
                "php": ">=5.6.0",
                "psr/log": "^1.0"
            },
            "type": "library",
            "autoload": {
                "psr-4": {
                    "SFileSystem\\": "src/SLog"
                }
            },
            "authors": [
                {
                    "name": "met-mw",
                    "email": "met-mw@rambler.ru"
                }
            ],
            "time": "2016-06-01 22:00:28"
        },
        {
            "name": "met_mw/sorm",
            "version": "dev-master",
            "source": {
                "type": "git",
                "url": "https://github.com/met-mw/SORM.git",
                "reference": "2007ef1b3bc0cd60d5649d4498203518e63e5e72"
            },
            "type": "library",
            "autoload": {
                "psr-4": {
                    "SORM\\": "src/SORM"
                }
            },
            "license": [
                "LGPL-3.0"
            ],
            "authors": [
                {
                    "name": "met-mw",
                    "email": "met-mw@rambler.ru"
                }
            ],
            "description": "Simple and lightweight ORM library.",
            "time": "2016-06-03 14:38:25"
        },
        {
            "name": "psr/log",
            "version": "dev-master",
            "source": {
                "type": "git",
                "url": "https://github.com/php-fig/log.git",
                "reference": "d8e60a5619fff77f9669da8997697443ef1a1d7e"
            },
            "dist": {
                "type": "zip",
                "url": "https://api.github.com/repos/php-fig/log/zipball/d8e60a5619fff77f9669da8997697443ef1a1d7e",
                "reference": "d8e60a5619fff77f9669da8997697443ef1a1d7e",
                "shasum": ""
            },
            "require": {
                "php": ">=5.3.0"
            },
            "type": "library",
            "extra": {
                "branch-alias": {
                    "dev-master": "1.0.x-dev"
                }
            },
            "autoload": {
                "psr-4": {
                    "Psr\\Log\\": "Psr/Log/"
                }
            },
            "notification-url": "https://packagist.org/downloads/",
            "license": [
                "MIT"
            ],
            "authors": [
                {
                    "name": "PHP-FIG",
                    "homepage": "http://www.php-fig.org/"
                }
            ],
            "description": "Common interface for logging libraries",
            "homepage": "https://github.com/php-fig/log",
            "keywords": [
                "log",
                "psr",
                "psr-3"
            ],
            "time": "2016-01-06 21:40:42"
        }
    ],
    "packages-dev": [],
    "aliases": [],
    "minimum-stability": "dev",
    "stability-flags": {
        "met_mw/sframework": 20
    },
    "prefer-stable": false,
    "prefer-lowest": false,
    "platform": {
        "php": ">=5.6.0"
    },
    "platform-dev": []
}
